{
  "version": 2,
  "dependencies": {
    "net9.0": {
      "Microsoft.SourceLink.GitHub": {
        "type": "Direct",
        "requested": "[8.0.0, )",
        "resolved": "8.0.0",
        "contentHash": "G5q7OqtwIyGTkeIOAc3u2ZuV/kicQaec5EaRnc0pIeSnh9LUjj+PYQrJYBURvDt7twGl2PKA7nSN0kz1Zw5bnQ==",
        "dependencies": {
          "Microsoft.Build.Tasks.Git": "8.0.0",
          "Microsoft.SourceLink.Common": "8.0.0"
        }
      },
      "PolySharp": {
        "type": "Direct",
        "requested": "[1.15.0, )",
        "resolved": "1.15.0",
        "contentHash": "FbU0El+EEjdpuIX4iDbeS7ki1uzpJPx8vbqOzEtqnl1GZeAGJfq+jCbxeJL2y0EPnUNk8dRnnqR2xnYXg9Tf+g=="
      },
      "TUnit": {
        "type": "Direct",
        "requested": "[0.19.64, )",
        "resolved": "0.19.64",
        "contentHash": "p4fIdCrIV+FZ9I21aDgZh/UaroA5awX0sWJ3EFZyHzFK9WDijSsUDUGY2z1PikyFHlRpHwDdcaLJUCsSxQFhPg==",
        "dependencies": {
          "TUnit.Assertions": "0.19.64",
          "TUnit.Engine": "0.19.64"
        }
      },
      "EnumerableAsyncProcessor": {
        "type": "Transitive",
        "resolved": "2.1.0",
        "contentHash": "kcaATgEjEHOUs0/4ZM9Y5QIOHvfWSolkzQg54VxEDvbwRPHL5IVIR7rySFB7Vi8PKQcLYc+8C+Re/4OJaQAdrw=="
      },
      "Microsoft.Build.Tasks.Git": {
        "type": "Transitive",
        "resolved": "8.0.0",
        "contentHash": "bZKfSIKJRXLTuSzLudMFte/8CempWjVamNUR5eHJizsy+iuOuO/k2gnh7W0dHJmYY0tBf+gUErfluCv5mySAOQ=="
      },
      "Microsoft.SourceLink.Common": {
        "type": "Transitive",
        "resolved": "8.0.0",
        "contentHash": "dk9JPxTCIevS75HyEQ0E4OVAFhB2N+V9ShCXf8Q6FkUQZDkgLI12y679Nym1YqsiSysuQskT7Z+6nUf3yab6Vw=="
      },
      "Microsoft.Testing.Extensions.TrxReport.Abstractions": {
        "type": "Transitive",
        "resolved": "1.6.3",
        "contentHash": "0MdowM+3IDVWE5VBzVe9NvxsE4caSbM3fO+jlWVzEBr/Vnc3BWx+uV/Ex0dLLpkxkeUKH2gGWTNLb39rw3DDqw==",
        "dependencies": {
          "Microsoft.Testing.Platform": "1.6.3"
        }
      },
      "Microsoft.Testing.Platform": {
        "type": "Transitive",
        "resolved": "1.6.3",
        "contentHash": "DqMZukaPo+vKzColfqd1I5qZebfISZT6ND70AOem/dYQmHsaMN0xg/JG7E0e80rwfxL7wAA4ylSg8j6KJf1Tuw=="
      },
      "Microsoft.Testing.Platform.MSBuild": {
        "type": "Transitive",
        "resolved": "1.4.3",
        "contentHash": "1gGqgHtiZ6tZn/6Tby+qlKpNe5Ye/5LnxlSsyl4XMZ4m4V+Cu1K1m+gD1zxoxHIvLjgX8mCnQRK95MGBBFuumw==",
        "dependencies": {
          "Microsoft.Testing.Platform": "1.4.3"
        }
      },
      "TUnit.Assertions": {
        "type": "Transitive",
        "resolved": "0.19.64",
        "contentHash": "11dU6aVL82xhzEofWvECImzn1oSmEAaBKnT4oGPl/NEgBQX/ywaOqj9YwXJGm25UOTip+DfIDuKk5bjY6QnAYQ=="
      },
      "TUnit.Core": {
        "type": "Transitive",
        "resolved": "0.19.64",
        "contentHash": "+1yaaVfgrwWfOqOHF/KzS+Rj/5B+n8zbLIukyWnh+RlVstOxl4U/IwxjUKTZteeM/m9HhyakhEXC5obHm37FUg=="
      },
      "TUnit.Engine": {
        "type": "Transitive",
        "resolved": "0.19.64",
        "contentHash": "/xtEc2ZgMYABH1eLllTXpC2jg5iCwifOuaDoRS/M4TprY+zAPHe2ENaCrrKoBWAzEdldABK9vqEXB1jGiVuorg==",
        "dependencies": {
          "EnumerableAsyncProcessor": "2.1.0",
          "Microsoft.Testing.Extensions.TrxReport.Abstractions": "1.6.3",
          "Microsoft.Testing.Platform": "1.6.3",
          "Microsoft.Testing.Platform.MSBuild": "1.4.3",
          "TUnit.Core": "0.19.64"
        }
      },
      "festisharp.tokenization": {
        "type": "Project"
      }
    }
  }
}